
Microsoft Visual Studio Solution File, Format Version 12.00
# Visual Studio 14
VisualStudioVersion = 14.0.23107.0
MinimumVisualStudioVersion = 10.0.40219.1
Project("{FAE04EC0-301F-11D3-BF4B-00C04F79EFBC}") = "PdfOne", "PdfOne\PdfOne.csproj", "{59488B57-0130-4498-A269-22BD439125F4}"
EndProject
Project("{FAE04EC0-301F-11D3-BF4B-00C04F79EFBC}") = "HtmlToImg", "HtmlToImg\HtmlToImg.csproj", "{AFD62E47-2767-4EEB-8B64-ACE84729023B}"
EndProject
Project("{FAE04EC0-301F-11D3-BF4B-00C04F79EFBC}") = "FileOperate", "FileOperate\FileOperate.csproj", "{A88231E1-03B5-4F84-974E-64B90ACFC155}"
EndProject
Project("{FAE04EC0-301F-11D3-BF4B-00C04F79EFBC}") = "HtmlToImg_Tool", "HtmlToImg_Tool\HtmlToImg_Tool.csproj", "{7F4A537D-7633-45B6-8C71-C67CFC2D6C79}"
EndProject
Global
	GlobalSection(SolutionConfigurationPlatforms) = preSolution
		Debug|Any CPU = Debug|Any CPU
		Release|Any CPU = Release|Any CPU
	EndGlobalSection
	GlobalSection(ProjectConfigurationPlatforms) = postSolution
		{59488B57-0130-4498-A269-22BD439125F4}.Debug|Any CPU.ActiveCfg = Debug|Any CPU
		{59488B57-0130-4498-A269-22BD439125F4}.Debug|Any CPU.Build.0 = Debug|Any CPU
		{59488B57-0130-4498-A269-22BD439125F4}.Release|Any CPU.ActiveCfg = Release|Any CPU
		{59488B57-0130-4498-A269-22BD439125F4}.Release|Any CPU.Build.0 = Release|Any CPU
		{AFD62E47-2767-4EEB-8B64-ACE84729023B}.Debug|Any CPU.ActiveCfg = Debug|Any CPU
		{AFD62E47-2767-4EEB-8B64-ACE84729023B}.Debug|Any CPU.Build.0 = Debug|Any CPU
		{AFD62E47-2767-4EEB-8B64-ACE84729023B}.Release|Any CPU.ActiveCfg = Release|Any CPU
		{AFD62E47-2767-4EEB-8B64-ACE84729023B}.Release|Any CPU.Build.0 = Release|Any CPU
		{A88231E1-03B5-4F84-974E-64B90ACFC155}.Debug|Any CPU.ActiveCfg = Debug|Any CPU
		{A88231E1-03B5-4F84-974E-64B90ACFC155}.Debug|Any CPU.Build.0 = Debug|Any CPU
		{A88231E1-03B5-4F84-974E-64B90ACFC155}.Release|Any CPU.ActiveCfg = Release|Any CPU
		{A88231E1-03B5-4F84-974E-64B90ACFC155}.Release|Any CPU.Build.0 = Release|Any CPU
		{7F4A537D-7633-45B6-8C71-C67CFC2D6C79}.Debug|Any CPU.ActiveCfg = Debug|Any CPU
		{7F4A537D-7633-45B6-8C71-C67CFC2D6C79}.Debug|Any CPU.Build.0 = Debug|Any CPU
		{7F4A537D-7633-45B6-8C71-C67CFC2D6C79}.Release|Any CPU.ActiveCfg = Release|Any CPU
		{7F4A537D-7633-45B6-8C71-C67CFC2D6C79}.Release|Any CPU.Build.0 = Release|Any CPU
	EndGlobalSection
	GlobalSection(SolutionProperties) = preSolution
		HideSolutionNode = FALSE
	EndGlobalSection
EndGlobal
